<?xml version="1.0" encoding="utf-8"?>
<Project ToolsVersion="4.0" xmlns="http://schemas.microsoft.com/developer/msbuild/2003">
  <ItemGroup>
    <ClCompile Include="PrePathTracer.cpp" />
  </ItemGroup>
  <ItemGroup>
    <ClInclude Include="PrePathTracer.h" />
  </ItemGroup>
  <ItemGroup>
    <ShaderSource Include="PrePathTracer.rt.slang" />
    <ShaderSource Include="ShHelpers.slang" />
  </ItemGroup>
  <ItemGroup>
    <None Include="..\..\..\..\temp_reserve\imgMerge.py" />
  </ItemGroup>
</Project>